
Microsoft Visual Studio Solution File, Format Version 12.00
# Visual Studio Version 16
VisualStudioVersion = 16.0.30011.22
MinimumVisualStudioVersion = 10.0.40219.1
Project("{FAE04EC0-301F-11D3-BF4B-00C04F79EFBC}") = "SingletonDemo", "SingletonDemo.csproj", "{AA502CCA-F634-4450-965B-719DE14CDB06}"
EndProject
Global
	GlobalSection(SolutionConfigurationPlatforms) = preSolution
		Debug|Any CPU = Debug|Any CPU
		Release|Any CPU = Release|Any CPU
	EndGlobalSection
	GlobalSection(ProjectConfigurationPlatforms) = postSolution
		{AA502CCA-F634-4450-965B-719DE14CDB06}.Debug|Any CPU.ActiveCfg = Debug|Any CPU
		{AA502CCA-F634-4450-965B-719DE14CDB06}.Debug|Any CPU.Build.0 = Debug|Any CPU
		{AA502CCA-F634-4450-965B-719DE14CDB06}.Release|Any CPU.ActiveCfg = Release|Any CPU
		{AA502CCA-F634-4450-965B-719DE14CDB06}.Release|Any CPU.Build.0 = Release|Any CPU
	EndGlobalSection
	GlobalSection(SolutionProperties) = preSolution
		HideSolutionNode = FALSE
	EndGlobalSection
	GlobalSection(ExtensibilityGlobals) = postSolution
		SolutionGuid = {28E9D80A-88D2-448C-94C7-5A79B8EE8DC5}
	EndGlobalSection
EndGlobal
